{
  "name": "irmajs-node-example",
  "version": "0.0.1",
  "lockfileVersion": 2,
  "requires": true,
  "packages": {
    "": {
      "name": "irmajs-node-example",
      "version": "0.0.1",
      "license": "MIT",
      "dependencies": {
        "@privacybydesign/irmajs": "file:../.."
      }
    },
    "../..": {
      "version": "0.2.1",
      "license": "MIT",
      "dependencies": {
        "@privacybydesign/irma-client": "^0.3.2",
        "@privacybydesign/irma-console": "^0.3.2",
        "@privacybydesign/irma-core": "^0.3.2",
        "@privacybydesign/irma-jwt": "^0.1.1",
        "qrcode": "^1.4.4"
      },
      "devDependencies": {
        "@babel/core": "^7.12.3",
        "@babel/preset-env": "^7.12.1",
        "@privacybydesign/irma-css": "^0.3.2",
        "@privacybydesign/irma-popup": "^0.3.2",
        "babel-loader": "^8.1.0",
        "core-js": "^3.7.0",
        "css-loader": "^3.6.0",
        "null-loader": "^3.0.0",
        "style-loader": "^1.3.0",
        "webpack": "^4.44.2",
        "webpack-cli": "^3.3.12",
        "webpack-node-externals": "^1.7.2"
      }
    },
    "node_modules/@privacybydesign/irmajs": {
      "resolved": "../..",
      "link": true
    }
  },
  "dependencies": {
    "@privacybydesign/irmajs": {
      "version": "file:../..",
      "requires": {
        "@babel/core": "^7.12.3",
        "@babel/preset-env": "^7.12.1",
        "@privacybydesign/irma-client": "^0.3.2",
        "@privacybydesign/irma-console": "^0.3.2",
        "@privacybydesign/irma-core": "^0.3.2",
        "@privacybydesign/irma-css": "^0.3.2",
        "@privacybydesign/irma-jwt": "^0.1.1",
        "@privacybydesign/irma-popup": "^0.3.2",
        "babel-loader": "^8.1.0",
        "core-js": "^3.7.0",
        "css-loader": "^3.6.0",
        "null-loader": "^3.0.0",
        "qrcode": "^1.4.4",
        "style-loader": "^1.3.0",
        "webpack": "^4.44.2",
        "webpack-cli": "^3.3.12",
        "webpack-node-externals": "^1.7.2"
      }
    }
  }
}
